
Microsoft Visual Studio Solution File, Format Version 12.00
# Visual Studio Version 17
VisualStudioVersion = 17.3.32901.215
MinimumVisualStudioVersion = 10.0.40219.1
Project("{FAE04EC0-301F-11D3-BF4B-00C04F79EFBC}") = "NetMVCCRUD", "NetMVCCRUD.csproj", "{E5CC5BDD-2E66-4E47-856C-7E32AE16C711}"
EndProject
Global
	GlobalSection(SolutionConfigurationPlatforms) = preSolution
		Debug|Any CPU = Debug|Any CPU
		Release|Any CPU = Release|Any CPU
	EndGlobalSection
	GlobalSection(ProjectConfigurationPlatforms) = postSolution
		{E5CC5BDD-2E66-4E47-856C-7E32AE16C711}.Debug|Any CPU.ActiveCfg = Debug|Any CPU
		{E5CC5BDD-2E66-4E47-856C-7E32AE16C711}.Debug|Any CPU.Build.0 = Debug|Any CPU
		{E5CC5BDD-2E66-4E47-856C-7E32AE16C711}.Release|Any CPU.ActiveCfg = Release|Any CPU
		{E5CC5BDD-2E66-4E47-856C-7E32AE16C711}.Release|Any CPU.Build.0 = Release|Any CPU
	EndGlobalSection
	GlobalSection(SolutionProperties) = preSolution
		HideSolutionNode = FALSE
	EndGlobalSection
	GlobalSection(ExtensibilityGlobals) = postSolution
		SolutionGuid = {3FC44275-3FAD-48F5-8D0E-CA3D97CC1D41}
	EndGlobalSection
EndGlobal
